
Microsoft Visual Studio Solution File, Format Version 12.00
# Visual Studio Version 17
VisualStudioVersion = 17.14.36429.23
MinimumVisualStudioVersion = 10.0.40219.1
Project("{FAE04EC0-301F-11D3-BF4B-00C04F79EFBC}") = "API", "API\API.csproj", "{D10FF425-9640-41A4-BC29-8C10CD156F60}"
EndProject
Project("{FAE04EC0-301F-11D3-BF4B-00C04F79EFBC}") = "Proyecto_Programacion", "..\Progra_Ananzada\Proyecto_Programacion\Proyecto_Programacion.csproj", "{7528CBC2-13DA-F7B6-DD77-D783DD8B0292}"
EndProject
Project("{2150E333-8FDC-42A3-9474-1A3956D46DE8}") = "Solution Items", "Solution Items", "{02EA681E-C7D8-13C7-8484-4AC65E1B71E8}"
	ProjectSection(SolutionItems) = preProject
		.editorconfig = .editorconfig
	EndProjectSection
EndProject
Global
	GlobalSection(SolutionConfigurationPlatforms) = preSolution
		Debug|Any CPU = Debug|Any CPU
		Release|Any CPU = Release|Any CPU
	EndGlobalSection
	GlobalSection(ProjectConfigurationPlatforms) = postSolution
		{D10FF425-9640-41A4-BC29-8C10CD156F60}.Debug|Any CPU.ActiveCfg = Debug|Any CPU
		{D10FF425-9640-41A4-BC29-8C10CD156F60}.Debug|Any CPU.Build.0 = Debug|Any CPU
		{D10FF425-9640-41A4-BC29-8C10CD156F60}.Release|Any CPU.ActiveCfg = Release|Any CPU
		{D10FF425-9640-41A4-BC29-8C10CD156F60}.Release|Any CPU.Build.0 = Release|Any CPU
		{7528CBC2-13DA-F7B6-DD77-D783DD8B0292}.Debug|Any CPU.ActiveCfg = Debug|Any CPU
		{7528CBC2-13DA-F7B6-DD77-D783DD8B0292}.Debug|Any CPU.Build.0 = Debug|Any CPU
		{7528CBC2-13DA-F7B6-DD77-D783DD8B0292}.Release|Any CPU.ActiveCfg = Release|Any CPU
		{7528CBC2-13DA-F7B6-DD77-D783DD8B0292}.Release|Any CPU.Build.0 = Release|Any CPU
	EndGlobalSection
	GlobalSection(SolutionProperties) = preSolution
		HideSolutionNode = FALSE
	EndGlobalSection
	GlobalSection(ExtensibilityGlobals) = postSolution
		SolutionGuid = {34DE12CA-557C-467B-8CA4-703D7A732820}
	EndGlobalSection
EndGlobal
